
Microsoft Visual Studio Solution File, Format Version 12.00
# Visual Studio Version 16
VisualStudioVersion = 16.0.30523.141
MinimumVisualStudioVersion = 10.0.40219.1
Project("{FAE04EC0-301F-11D3-BF4B-00C04F79EFBC}") = "Enridades", "TP-3-GonzalesFloresMauricioLuciano\Enridades.csproj", "{C5EBCA45-E50C-43F2-90EB-593475A757FA}"
EndProject
Project("{FAE04EC0-301F-11D3-BF4B-00C04F79EFBC}") = "App", "App\App.csproj", "{26342372-5659-4BB9-8A0F-A02275A28E72}"
EndProject
Project("{FAE04EC0-301F-11D3-BF4B-00C04F79EFBC}") = "Test Unitarios", "Test\Test Unitarios.csproj", "{0C43B70D-C8B7-4CAC-87A1-AFB7F6418C59}"
EndProject
Project("{FAE04EC0-301F-11D3-BF4B-00C04F79EFBC}") = "Test", "TestConsola\Test.csproj", "{1893F8B5-5598-4F80-BAD7-B6D0C8B57966}"
EndProject
Global
	GlobalSection(SolutionConfigurationPlatforms) = preSolution
		Debug|Any CPU = Debug|Any CPU
		Release|Any CPU = Release|Any CPU
	EndGlobalSection
	GlobalSection(ProjectConfigurationPlatforms) = postSolution
		{C5EBCA45-E50C-43F2-90EB-593475A757FA}.Debug|Any CPU.ActiveCfg = Debug|Any CPU
		{C5EBCA45-E50C-43F2-90EB-593475A757FA}.Debug|Any CPU.Build.0 = Debug|Any CPU
		{C5EBCA45-E50C-43F2-90EB-593475A757FA}.Release|Any CPU.ActiveCfg = Release|Any CPU
		{C5EBCA45-E50C-43F2-90EB-593475A757FA}.Release|Any CPU.Build.0 = Release|Any CPU
		{26342372-5659-4BB9-8A0F-A02275A28E72}.Debug|Any CPU.ActiveCfg = Debug|Any CPU
		{26342372-5659-4BB9-8A0F-A02275A28E72}.Debug|Any CPU.Build.0 = Debug|Any CPU
		{26342372-5659-4BB9-8A0F-A02275A28E72}.Release|Any CPU.ActiveCfg = Release|Any CPU
		{26342372-5659-4BB9-8A0F-A02275A28E72}.Release|Any CPU.Build.0 = Release|Any CPU
		{0C43B70D-C8B7-4CAC-87A1-AFB7F6418C59}.Debug|Any CPU.ActiveCfg = Debug|Any CPU
		{0C43B70D-C8B7-4CAC-87A1-AFB7F6418C59}.Debug|Any CPU.Build.0 = Debug|Any CPU
		{0C43B70D-C8B7-4CAC-87A1-AFB7F6418C59}.Release|Any CPU.ActiveCfg = Release|Any CPU
		{0C43B70D-C8B7-4CAC-87A1-AFB7F6418C59}.Release|Any CPU.Build.0 = Release|Any CPU
		{1893F8B5-5598-4F80-BAD7-B6D0C8B57966}.Debug|Any CPU.ActiveCfg = Debug|Any CPU
		{1893F8B5-5598-4F80-BAD7-B6D0C8B57966}.Debug|Any CPU.Build.0 = Debug|Any CPU
		{1893F8B5-5598-4F80-BAD7-B6D0C8B57966}.Release|Any CPU.ActiveCfg = Release|Any CPU
		{1893F8B5-5598-4F80-BAD7-B6D0C8B57966}.Release|Any CPU.Build.0 = Release|Any CPU
	EndGlobalSection
	GlobalSection(SolutionProperties) = preSolution
		HideSolutionNode = FALSE
	EndGlobalSection
	GlobalSection(ExtensibilityGlobals) = postSolution
		SolutionGuid = {ACF67AD7-C12C-4CE6-8D6B-801182E35A8C}
	EndGlobalSection
EndGlobal
